
Microsoft Visual Studio Solution File, Format Version 12.00
# Visual Studio 15
VisualStudioVersion = 15.0.26730.15
MinimumVisualStudioVersion = 10.0.40219.1
Project("{FAE04EC0-301F-11D3-BF4B-00C04F79EFBC}") = "customizedDashboadSample", "customizedDashboadSample\customizedDashboadSample.csproj", "{29263BA1-2F8E-439B-8DB3-3285B0338A9B}"
EndProject
Global
	GlobalSection(SolutionConfigurationPlatforms) = preSolution
		Debug|Any CPU = Debug|Any CPU
		Release|Any CPU = Release|Any CPU
	EndGlobalSection
	GlobalSection(ProjectConfigurationPlatforms) = postSolution
		{29263BA1-2F8E-439B-8DB3-3285B0338A9B}.Debug|Any CPU.ActiveCfg = Debug|Any CPU
		{29263BA1-2F8E-439B-8DB3-3285B0338A9B}.Debug|Any CPU.Build.0 = Debug|Any CPU
		{29263BA1-2F8E-439B-8DB3-3285B0338A9B}.Release|Any CPU.ActiveCfg = Release|Any CPU
		{29263BA1-2F8E-439B-8DB3-3285B0338A9B}.Release|Any CPU.Build.0 = Release|Any CPU
	EndGlobalSection
	GlobalSection(SolutionProperties) = preSolution
		HideSolutionNode = FALSE
	EndGlobalSection
	GlobalSection(ExtensibilityGlobals) = postSolution
		SolutionGuid = {5D1EF6CD-423C-4253-9345-EEF07483ADEB}
	EndGlobalSection
EndGlobal
